
Microsoft Visual Studio Solution File, Format Version 12.00
# Visual Studio Version 17
VisualStudioVersion = 17.0.31903.59
MinimumVisualStudioVersion = 10.0.40219.1
Project("{FAE04EC0-301F-11D3-BF4B-00C04F79EFBC}") = "JSONDemo", "JSONDemo\JSONDemo.csproj", "{89770B11-35D3-4FC4-B868-BA5B817C0CD5}"
EndProject
Global
	GlobalSection(SolutionConfigurationPlatforms) = preSolution
		Debug|Any CPU = Debug|Any CPU
		Release|Any CPU = Release|Any CPU
	EndGlobalSection
	GlobalSection(ProjectConfigurationPlatforms) = postSolution
		{89770B11-35D3-4FC4-B868-BA5B817C0CD5}.Debug|Any CPU.ActiveCfg = Debug|Any CPU
		{89770B11-35D3-4FC4-B868-BA5B817C0CD5}.Debug|Any CPU.Build.0 = Debug|Any CPU
		{89770B11-35D3-4FC4-B868-BA5B817C0CD5}.Release|Any CPU.ActiveCfg = Release|Any CPU
		{89770B11-35D3-4FC4-B868-BA5B817C0CD5}.Release|Any CPU.Build.0 = Release|Any CPU
	EndGlobalSection
	GlobalSection(SolutionProperties) = preSolution
		HideSolutionNode = FALSE
	EndGlobalSection
	GlobalSection(ExtensibilityGlobals) = postSolution
		SolutionGuid = {5E612FBD-3B80-4A46-83E1-0523D9BBABE9}
	EndGlobalSection
EndGlobal
